
Microsoft Visual Studio Solution File, Format Version 12.00
# Visual Studio Version 17
VisualStudioVersion = 17.14.36408.4 d17.14
MinimumVisualStudioVersion = 10.0.40219.1
Project("{FAE04EC0-301F-11D3-BF4B-00C04F79EFBC}") = "BLE-Interface", "BLE-Interface\BLE-Interface.csproj", "{FBA5AFE4-0C24-4D4C-846D-2D88C53AB1BA}"
EndProject
Global
	GlobalSection(SolutionConfigurationPlatforms) = preSolution
		Debug|Any CPU = Debug|Any CPU
		Release|Any CPU = Release|Any CPU
	EndGlobalSection
	GlobalSection(ProjectConfigurationPlatforms) = postSolution
		{FBA5AFE4-0C24-4D4C-846D-2D88C53AB1BA}.Debug|Any CPU.ActiveCfg = Debug|Any CPU
		{FBA5AFE4-0C24-4D4C-846D-2D88C53AB1BA}.Debug|Any CPU.Build.0 = Debug|Any CPU
		{FBA5AFE4-0C24-4D4C-846D-2D88C53AB1BA}.Release|Any CPU.ActiveCfg = Release|Any CPU
		{FBA5AFE4-0C24-4D4C-846D-2D88C53AB1BA}.Release|Any CPU.Build.0 = Release|Any CPU
	EndGlobalSection
	GlobalSection(SolutionProperties) = preSolution
		HideSolutionNode = FALSE
	EndGlobalSection
	GlobalSection(ExtensibilityGlobals) = postSolution
		SolutionGuid = {54F9C75E-8364-4DCA-8AF3-4DA86574F7CF}
	EndGlobalSection
EndGlobal
