
Microsoft Visual Studio Solution File, Format Version 12.00
# Visual Studio Version 17
VisualStudioVersion = 17.14.36414.22 d17.14
MinimumVisualStudioVersion = 10.0.40219.1
Project("{FAE04EC0-301F-11D3-BF4B-00C04F79EFBC}") = "BleScanner", "BleScanner\BleScanner.csproj", "{22AE1E56-40B7-4587-864E-95C1F3E901C9}"
EndProject
Global
	GlobalSection(SolutionConfigurationPlatforms) = preSolution
		Debug|Any CPU = Debug|Any CPU
		Release|Any CPU = Release|Any CPU
	EndGlobalSection
	GlobalSection(ProjectConfigurationPlatforms) = postSolution
		{22AE1E56-40B7-4587-864E-95C1F3E901C9}.Debug|Any CPU.ActiveCfg = Debug|Any CPU
		{22AE1E56-40B7-4587-864E-95C1F3E901C9}.Debug|Any CPU.Build.0 = Debug|Any CPU
		{22AE1E56-40B7-4587-864E-95C1F3E901C9}.Release|Any CPU.ActiveCfg = Release|Any CPU
		{22AE1E56-40B7-4587-864E-95C1F3E901C9}.Release|Any CPU.Build.0 = Release|Any CPU
	EndGlobalSection
	GlobalSection(SolutionProperties) = preSolution
		HideSolutionNode = FALSE
	EndGlobalSection
	GlobalSection(ExtensibilityGlobals) = postSolution
		SolutionGuid = {D26CDC1B-24A2-4167-B435-F007EF2F1450}
	EndGlobalSection
EndGlobal
